{
  "requires": true,
  "lockfileVersion": 1,
  "dependencies": {
    "@types/node": {
      "version": "20.10.4",
      "resolved": "https://registry.npmjs.org/@types/node/-/node-20.10.4.tgz",
      "integrity": "sha512-D08YG6rr8X90YB56tSIuBaddy/UXAA9RKJoFvrsnogAum/0pmjkgi4+2nx96A330FmioegBWmEYQ+syqCFaveg==",
      "dev": true,
      "requires": {
        "undici-types": "~5.26.4"
      }
    },
    "types-registry": {
      "version": "0.1.675",
      "resolved": "https://registry.npmjs.org/types-registry/-/types-registry-0.1.675.tgz",
      "integrity": "sha512-VfAcOzfm6KWCWXSnlA3PjSEwbZoz3WukbjQDmkjuMgphSkQHanLougVWH5Tz4JLXQ3DpIbes+0SRnXf6MM4eqQ=="
    },
    "undici-types": {
      "version": "5.26.5",
      "resolved": "https://registry.npmjs.org/undici-types/-/undici-types-5.26.5.tgz",
      "integrity": "sha512-JlCMO+ehdEIKqlFxk6IfVoAUVmgz7cU7zD/h9XZ0qzeosSHmUJVOzSQvvYSYWXkFXC+IfLKSIffhv0sVZup6pA==",
      "dev": true
    }
  }
}
